<?xml version="1.0" encoding="UTF-8" standalone="yes" ?>
<CodeBlocks_project_file>
	<FileVersion major="1" minor="6" />
	<Project>
		<Option title="TP1-ED2" />
		<Option pch_mode="2" />
		<Option compiler="gcc" />
		<Build>
			<Target title="Debug">
				<Option output="bin\Debug\TP1-ED2" prefix_auto="1" extension_auto="1" />
				<Option object_output="obj\Debug\" />
				<Option type="1" />
				<Option compiler="gcc" />
				<Compiler>
					<Add option="-g" />
				</Compiler>
			</Target>
			<Target title="Release">
				<Option output="bin\Release\TP1-ED2" prefix_auto="1" extension_auto="1" />
				<Option object_output="obj\Release\" />
				<Option type="1" />
				<Option compiler="gcc" />
				<Compiler>
					<Add option="-O2" />
				</Compiler>
				<Linker>
					<Add option="-s" />
				</Linker>
			</Target>
		</Build>
		<Compiler>
			<Add option="-Wall" />
		</Compiler>
		<Unit filename="TADs\arvoreAVL.c">
			<Option compilerVar="CC" />
		</Unit>
		<Unit filename="TADs\arvoreAVL.h" />
		<Unit filename="TADs\arvoreB.c">
			<Option compilerVar="CC" />
		</Unit>
		<Unit filename="TADs\arvoreB.h" />
		<Unit filename="TADs\arvore_binaria.c">
			<Option compilerVar="CC" />
		</Unit>
		<Unit filename="TADs\arvore_binaria.h" />
		<Unit filename="TADs\funcoes.c">
			<Option compilerVar="CC" />
		</Unit>
		<Unit filename="TADs\funcoes.h" />
		<Unit filename="TADs\lista_invertida.c">
			<Option compilerVar="CC" />
		</Unit>
		<Unit filename="TADs\lista_invertida.h" />
		<Unit filename="TADs\tabela_hash.c">
			<Option compilerVar="CC" />
		</Unit>
		<Unit filename="TADs\tabela_hash.h" />
		<Unit filename="main.c">
			<Option compilerVar="CC" />
		</Unit>
		<Extensions>
			<code_completion />
			<debugger />
			<envvars />
			<DoxyBlocks>
				<comment_style block="0" line="0" />
				<doxyfile_project />
				<doxyfile_build />
				<doxyfile_warnings />
				<doxyfile_output />
				<doxyfile_dot />
				<general />
			</DoxyBlocks>
		</Extensions>
	</Project>
</CodeBlocks_project_file>
